{
  "version": "2",
  "remote": {
    "https://deno.land/std@0.168.0/fmt/colors.ts": "03ad95e543d2808bc43c17a3dd29d25b43d0f16287fe562a0be89bf632454a12",
    "https://deno.land/std@0.168.0/testing/_diff.ts": "a23e7fc2b4d8daa3e158fa06856bedf5334ce2a2831e8bf9e509717f455adb2c",
    "https://deno.land/std@0.168.0/testing/_format.ts": "cd11136e1797791045e639e9f0f4640d5b4166148796cad37e6ef75f7d7f3832",
    "https://deno.land/std@0.168.0/testing/asserts.ts": "51353e79437361d4b02d8e32f3fc83b22231bc8f8d4c841d86fd32b0b0afe940",
    "https://raw.githubusercontent.com/i-xi-dev/base64.es/3.0.7/mod.ts": "09f438714c6d49dda94d0a16631689ae5b8071b52d1441320719130667832588",
    "https://raw.githubusercontent.com/i-xi-dev/bytes-encoding.es/1.0.7/mod.ts": "fcd5d4186a2439e08fea1140ed316ebe8dac8d12fdf42ee21eba02c37a160940",
    "https://raw.githubusercontent.com/i-xi-dev/bytes-encoding.es/1.0.7/src/bytes_encoding.ts": "1b0846e086ec81466348812d697e4056afa75da567a953c2c691912f9a13d7a3",
    "https://raw.githubusercontent.com/i-xi-dev/compat.es/1.1.4/mod.ts": "b369873c51fa8b56f02b4ff31b784f969d3c1e9d9a475b4bf5f21a2ba8a58eb3",
    "https://raw.githubusercontent.com/i-xi-dev/compat.es/1.1.4/src/blob.ts": "ff65c8d0247b69f675572eb9fae98429db5c6984449ff6a6232db3e9b3144852",
    "https://raw.githubusercontent.com/i-xi-dev/compat.es/1.1.4/src/crypto.ts": "8fdf7ffe176a178e6c75c230133416e43fedd4b245d9ab0bfcde1ceee91bef68",
    "https://raw.githubusercontent.com/i-xi-dev/compat.es/1.1.4/src/progress_event.ts": "afcdaf2dbb128e1775f5cccd96c052008c498e70cd6ee9c469c5c6feb96d12bc",
    "https://raw.githubusercontent.com/i-xi-dev/compat.es/1.1.4/src/readable_stream.ts": "fdc4fc951ca414e029f949821e8d03eda7c90695c04567e221754661410def89",
    "https://raw.githubusercontent.com/i-xi-dev/compat.es/1.1.4/src/transform_stream.ts": "da572b183588bf10c1a908fd0796e7a2e9ccbe6d5d9f49448b59f5244b232473",
    "https://raw.githubusercontent.com/i-xi-dev/compat.es/1.1.4/src/writable_stream.ts": "d6b48f32d1d484fb8a1afb380f50386e65b24832dc1ec013ad9e23281e46d363",
    "https://raw.githubusercontent.com/i-xi-dev/http-utils.es/2.1.1/mod.ts": "94feaa36c412e5286a6b2c394f761f7bfa995be6bb76a3c9bf49ec4a76f7285b",
    "https://raw.githubusercontent.com/i-xi-dev/http-utils.es/2.1.1/src/http_utils.ts": "c1d49b56c8fb07880ab9fc62aa6f33a82792567ecbffce8e83d51a99c4c05356",
    "https://raw.githubusercontent.com/i-xi-dev/http.es/1.0.0/mod.ts": "6d014bcc745c5032ba346cf3f90d681d1cf7a50f23b3c73571d118a45e72525f",
    "https://raw.githubusercontent.com/i-xi-dev/http.es/1.0.0/src/http.ts": "42771a428e3fe088bfb39e62d32d4158b4bcecb07594104856de9690b9e60eca",
    "https://raw.githubusercontent.com/i-xi-dev/int.es/1.1.2/mod.ts": "c97dd0212b33a0ff91d9037bb1c462dcc472561dec78d783af95acb39892cd8b",
    "https://raw.githubusercontent.com/i-xi-dev/int.es/1.1.2/src/int.ts": "f5092f8f9951c98b0798eff39a10a9c68b8242ac05dbdbd2c9bd73f874b0a979",
    "https://raw.githubusercontent.com/i-xi-dev/int.es/1.1.2/src/uint6.ts": "3306800a85fa65adc8417441c12ec8a782f90ff76a8ad5f5cdbd762cbced2a81",
    "https://raw.githubusercontent.com/i-xi-dev/int.es/1.1.2/src/uint8.ts": "936d3aaac4b4b116d36d86281c9831f4a045b54ff221bd1952af242bc811d6d6",
    "https://raw.githubusercontent.com/i-xi-dev/isomorphic.es/2.0.2/mod.ts": "a80f46cc97eb6ecfccbed1cdb91f92d6c9069c83c155997c4a2f675227893e95",
    "https://raw.githubusercontent.com/i-xi-dev/isomorphic.es/2.0.2/src/isomorphic.ts": "548c5d2cf7680fd134102495846e48ab2f055778ac8f4205a3a9320ab44dacf5",
    "https://raw.githubusercontent.com/i-xi-dev/mimetype.es/1.2.1/mod.ts": "18177ea93c5cae67f776ef192ed4bbbe4c93b676131cadd6ec4ca8b2ff2f2de5",
    "https://raw.githubusercontent.com/i-xi-dev/percent.es/4.0.13/mod.ts": "561797804ae1aa590af13496ede057ad8769b5e30e721323ba575c38f55fef5d",
    "https://raw.githubusercontent.com/i-xi-dev/str.es/1.0.7/mod.ts": "7bc1f8c2408782827951620879734c0bb0f4213348c1f6769f62f260a1fe5dce",
    "https://raw.githubusercontent.com/i-xi-dev/str.es/1.0.7/src/rune.ts": "3b925202d29c106137653b535dff98bf79ed4a48ff137a34adfd92ec535bb56b",
    "https://raw.githubusercontent.com/i-xi-dev/str.es/1.0.7/src/string.ts": "fd729d187d0b4239131884dedc552c8365d122318df059ea1a7f551623cf5ceb"
  }
}
