{
  "version": "2",
  "remote": {
    "https://deno.land/std@0.187.0/fmt/colors.ts": "d67e3cd9f472535241a8e410d33423980bec45047e343577554d3356e1f0ef4e",
    "https://deno.land/std@0.187.0/testing/_diff.ts": "1a3c044aedf77647d6cac86b798c6417603361b66b54c53331b312caeb447aea",
    "https://deno.land/std@0.187.0/testing/_format.ts": "a69126e8a469009adf4cf2a50af889aca364c349797e63174884a52ff75cf4c7",
    "https://deno.land/std@0.187.0/testing/asserts.ts": "e16d98b4d73ffc4ed498d717307a12500ae4f2cbe668f1a215632d19fcffc22f",
    "https://raw.githubusercontent.com/i-xi-dev/base64.es/4.0.1/deps.ts": "9e1e2c77971750b2afa9eb66fc52caae5099471df492eea5f548f426e92de5e2",
    "https://raw.githubusercontent.com/i-xi-dev/base64.es/4.0.1/mod.ts": "7ca7438a37a23da4afc8a7b3efe887fd126c8bc2313c11fb4189f76e97158f6a",
    "https://raw.githubusercontent.com/i-xi-dev/base64.es/4.0.1/src/base64.ts": "4fd3f27edf9d10b3e43d5e1042381874d009b0c0e6c7d52cc3959732f0733b9f",
    "https://raw.githubusercontent.com/i-xi-dev/bytes-encoding.es/1.0.10/deps.ts": "deac3a5890c3612a69223b07bba73ae265eb73ecc95f3a21ed5b13e6982ce4bd",
    "https://raw.githubusercontent.com/i-xi-dev/bytes-encoding.es/1.0.10/mod.ts": "fcd5d4186a2439e08fea1140ed316ebe8dac8d12fdf42ee21eba02c37a160940",
    "https://raw.githubusercontent.com/i-xi-dev/bytes-encoding.es/1.0.10/src/bytes_encoding.ts": "4f54915611e1fe4e930439e21232faab71be284f829f63446afd1b581988b4d9",
    "https://raw.githubusercontent.com/i-xi-dev/compat.es/1.1.7/deps.ts": "5b0cf8c390635c884936be478d80ef6d189a7e2a505a6ffd34aebf58bac66804",
    "https://raw.githubusercontent.com/i-xi-dev/compat.es/1.1.7/mod.ts": "b369873c51fa8b56f02b4ff31b784f969d3c1e9d9a475b4bf5f21a2ba8a58eb3",
    "https://raw.githubusercontent.com/i-xi-dev/compat.es/1.1.7/src/blob.ts": "ff65c8d0247b69f675572eb9fae98429db5c6984449ff6a6232db3e9b3144852",
    "https://raw.githubusercontent.com/i-xi-dev/compat.es/1.1.7/src/crypto.ts": "dd7edfc28d973682d2be4721b72b1a664df09c0887084392eefdb9147ac544ec",
    "https://raw.githubusercontent.com/i-xi-dev/compat.es/1.1.7/src/progress_event.ts": "08fbd221ff073bf207767c60071a87a3cb92b51720c7b6cf5e7bca8f4fb8afdf",
    "https://raw.githubusercontent.com/i-xi-dev/compat.es/1.1.7/src/readable_stream.ts": "fdc4fc951ca414e029f949821e8d03eda7c90695c04567e221754661410def89",
    "https://raw.githubusercontent.com/i-xi-dev/compat.es/1.1.7/src/transform_stream.ts": "da572b183588bf10c1a908fd0796e7a2e9ccbe6d5d9f49448b59f5244b232473",
    "https://raw.githubusercontent.com/i-xi-dev/compat.es/1.1.7/src/writable_stream.ts": "d6b48f32d1d484fb8a1afb380f50386e65b24832dc1ec013ad9e23281e46d363",
    "https://raw.githubusercontent.com/i-xi-dev/http-utils.es/2.1.4/deps.ts": "87c21c53de19902261b7254b4189f44ea689c936daf9a84a550acad6c1996ce7",
    "https://raw.githubusercontent.com/i-xi-dev/http-utils.es/2.1.4/mod.ts": "94feaa36c412e5286a6b2c394f761f7bfa995be6bb76a3c9bf49ec4a76f7285b",
    "https://raw.githubusercontent.com/i-xi-dev/http-utils.es/2.1.4/src/http_utils.ts": "11ea9464cd2b1031c2c7311f6a5d0cc226d1ffe1d0939485469dc8f6ab97f5cd",
    "https://raw.githubusercontent.com/i-xi-dev/http.es/1.0.3/mod.ts": "6d014bcc745c5032ba346cf3f90d681d1cf7a50f23b3c73571d118a45e72525f",
    "https://raw.githubusercontent.com/i-xi-dev/http.es/1.0.3/src/http.ts": "af07c34a8f4d0bdb6aa201dc45002720a97cce3569f9f3e5fa03263bdea398fb",
    "https://raw.githubusercontent.com/i-xi-dev/int.es/1.3.1/mod.ts": "c97dd0212b33a0ff91d9037bb1c462dcc472561dec78d783af95acb39892cd8b",
    "https://raw.githubusercontent.com/i-xi-dev/int.es/1.3.1/src/int.ts": "7257984baf455f015b86ebd13a0cf5b6b678c3cd88da92d29d7eb17a45ca7d28",
    "https://raw.githubusercontent.com/i-xi-dev/int.es/1.3.1/src/uint6.ts": "3306800a85fa65adc8417441c12ec8a782f90ff76a8ad5f5cdbd762cbced2a81",
    "https://raw.githubusercontent.com/i-xi-dev/int.es/1.3.1/src/uint8.ts": "936d3aaac4b4b116d36d86281c9831f4a045b54ff221bd1952af242bc811d6d6",
    "https://raw.githubusercontent.com/i-xi-dev/isomorphic.es/2.0.4/mod.ts": "a80f46cc97eb6ecfccbed1cdb91f92d6c9069c83c155997c4a2f675227893e95",
    "https://raw.githubusercontent.com/i-xi-dev/isomorphic.es/2.0.4/src/isomorphic.ts": "548c5d2cf7680fd134102495846e48ab2f055778ac8f4205a3a9320ab44dacf5",
    "https://raw.githubusercontent.com/i-xi-dev/mimetype.es/1.2.4/deps.ts": "cd3e90bf8f628b4c634adc09b2912ecc05a0c7ac31cc8e606c9f1ed55fe0e65f",
    "https://raw.githubusercontent.com/i-xi-dev/mimetype.es/1.2.4/mod.ts": "517a8b3ca91065bd1d91b814465fb40ccaa16d69fe03daba3479a69fac70399b",
    "https://raw.githubusercontent.com/i-xi-dev/mimetype.es/1.2.4/src/mediatype.ts": "aa59cf99ce28effae7f9f58b92d7d895286a5a6c989043da077aaddfe7f0404e",
    "https://raw.githubusercontent.com/i-xi-dev/percent.es/4.0.16/deps.ts": "6669f1151d72677747830cb69eccd9b847a74b24659b70ce122f1f06f8ed0154",
    "https://raw.githubusercontent.com/i-xi-dev/percent.es/4.0.16/mod.ts": "954d2d090fd9b362654840aa83c55ee8c246516fe199e3681361688182a1ddd8",
    "https://raw.githubusercontent.com/i-xi-dev/percent.es/4.0.16/src/percent.ts": "b25f55c8755b95663861595cd19a4623ca34d581e68e76431b2b384c454cd949",
    "https://raw.githubusercontent.com/i-xi-dev/str.es/1.0.10/deps.ts": "5b0cf8c390635c884936be478d80ef6d189a7e2a505a6ffd34aebf58bac66804",
    "https://raw.githubusercontent.com/i-xi-dev/str.es/1.0.10/mod.ts": "7bc1f8c2408782827951620879734c0bb0f4213348c1f6769f62f260a1fe5dce",
    "https://raw.githubusercontent.com/i-xi-dev/str.es/1.0.10/src/rune.ts": "885a86691fc8b569ec65fbe731cde904e96796140bb482bf8902917536bb13c9",
    "https://raw.githubusercontent.com/i-xi-dev/str.es/1.0.10/src/string.ts": "653232e267a826e8978559e494a60774c6efa5ba275efad82e5e0d617b5f4760"
  }
}
